
Microsoft Visual Studio Solution File, Format Version 12.00
# Visual Studio 15
VisualStudioVersion = 15.0.28307.779
MinimumVisualStudioVersion = 10.0.40219.1
Project("{FAE04EC0-301F-11D3-BF4B-00C04F79EFBC}") = "Test_store", "Test_store\Test_store.csproj", "{0ED0FBA6-349E-4F73-B486-289DD07775C2}"
EndProject
Global
	GlobalSection(SolutionConfigurationPlatforms) = preSolution
		Debug|Any CPU = Debug|Any CPU
		Release|Any CPU = Release|Any CPU
	EndGlobalSection
	GlobalSection(ProjectConfigurationPlatforms) = postSolution
		{0ED0FBA6-349E-4F73-B486-289DD07775C2}.Debug|Any CPU.ActiveCfg = Debug|Any CPU
		{0ED0FBA6-349E-4F73-B486-289DD07775C2}.Debug|Any CPU.Build.0 = Debug|Any CPU
		{0ED0FBA6-349E-4F73-B486-289DD07775C2}.Release|Any CPU.ActiveCfg = Release|Any CPU
		{0ED0FBA6-349E-4F73-B486-289DD07775C2}.Release|Any CPU.Build.0 = Release|Any CPU
	EndGlobalSection
	GlobalSection(SolutionProperties) = preSolution
		HideSolutionNode = FALSE
	EndGlobalSection
	GlobalSection(ExtensibilityGlobals) = postSolution
		SolutionGuid = {B397DBBE-F4A9-44C5-833E-ED2FB7790649}
	EndGlobalSection
EndGlobal
